// !$*UTF8*$!
{
	archiveVersion = 1;
	classes = {
	};
	objectVersion = 47;
	objects = {

/* Begin PBXBuildFile section */
		2D130AC01BCDA46D0099E18F /* main.swift in Sources */ = {isa = PBXBuildFile; fileRef = 2D130ABF1BCDA46D0099E18F /* main.swift */; };
		2D130AC71BCDA4810099E18F /* Game.swift in Sources */ = {isa = PBXBuildFile; fileRef = 2D130AC61BCDA4810099E18F /* Game.swift */; };
		2D130ACF1BCDB7A40099E18F /* TriviaTests.swift in Sources */ = {isa = PBXBuildFile; fileRef = 2D130ACE1BCDB7A40099E18F /* TriviaTests.swift */; };
		2D130AD41BCDB9E50099E18F /* Game.swift in Sources */ = {isa = PBXBuildFile; fileRef = 2D130AC61BCDA4810099E18F /* Game.swift */; };
/* End PBXBuildFile section */

/* Begin PBXCopyFilesBuildPhase section */
		2D130ABA1BCDA46D0099E18F /* CopyFiles */ = {
			isa = PBXCopyFilesBuildPhase;
			buildActionMask = 2147483647;
			dstPath = /usr/share/man/man1/;
			dstSubfolderSpec = 0;
			files = (
			);
			runOnlyForDeploymentPostprocessing = 1;
		};
/* End PBXCopyFilesBuildPhase section */

/* Begin PBXFileReference section */
		2D130ABC1BCDA46D0099E18F /* Trivia */ = {isa = PBXFileReference; explicitFileType = "compiled.mach-o.executable"; includeInIndex = 0; path = Trivia; sourceTree = BUILT_PRODUCTS_DIR; };
		2D130ABF1BCDA46D0099E18F /* main.swift */ = {isa = PBXFileReference; lastKnownFileType = sourcecode.swift; path = main.swift; sourceTree = "<group>"; };
		2D130AC61BCDA4810099E18F /* Game.swift */ = {isa = PBXFileReference; fileEncoding = 4; lastKnownFileType = sourcecode.swift; path = Game.swift; sourceTree = "<group>"; };
		2D130ACC1BCDB7A40099E18F /* TriviaTests.xctest */ = {isa = PBXFileReference; explicitFileType = wrapper.cfbundle; includeInIndex = 0; path = TriviaTests.xctest; sourceTree = BUILT_PRODUCTS_DIR; };
		2D130ACE1BCDB7A40099E18F /* TriviaTests.swift */ = {isa = PBXFileReference; lastKnownFileType = sourcecode.swift; path = TriviaTests.swift; sourceTree = "<group>"; };
/* End PBXFileReference section */

/* Begin PBXFrameworksBuildPhase section */
		2D130AB91BCDA46D0099E18F /* Frameworks */ = {
			isa = PBXFrameworksBuildPhase;
			buildActionMask = 2147483647;
			files = (
			);
			runOnlyForDeploymentPostprocessing = 0;
		};
		2D130AC91BCDB7A40099E18F /* Frameworks */ = {
			isa = PBXFrameworksBuildPhase;
			buildActionMask = 2147483647;
			files = (
			);
			runOnlyForDeploymentPostprocessing = 0;
		};
/* End PBXFrameworksBuildPhase section */

/* Begin PBXGroup section */
		2D130AB31BCDA46D0099E18F = {
			isa = PBXGroup;
			children = (
				2D130ABE1BCDA46D0099E18F /* Trivia */,
				2D130ACD1BCDB7A40099E18F /* TriviaTests */,
				2D130ABD1BCDA46D0099E18F /* Products */,
			);
			sourceTree = "<group>";
		};
		2D130ABD1BCDA46D0099E18F /* Products */ = {
			isa = PBXGroup;
			children = (
				2D130ABC1BCDA46D0099E18F /* Trivia */,
				2D130ACC1BCDB7A40099E18F /* TriviaTests.xctest */,
			);
			name = Products;
			sourceTree = BUILT_PRODUCTS_DIR;
		};
		2D130ABE1BCDA46D0099E18F /* Trivia */ = {
			isa = PBXGroup;
			children = (
				2D130ABF1BCDA46D0099E18F /* main.swift */,
				2D130AC61BCDA4810099E18F /* Game.swift */,
			);
			path = Trivia;
			sourceTree = "<group>";
		};
		2D130ACD1BCDB7A40099E18F /* TriviaTests */ = {
			isa = PBXGroup;
			children = (
				2D130ACE1BCDB7A40099E18F /* TriviaTests.swift */,
			);
			path = TriviaTests;
			sourceTree = "<group>";
		};
/* End PBXGroup section */

/* Begin PBXNativeTarget section */
		2D130ABB1BCDA46D0099E18F /* Trivia */ = {
			isa = PBXNativeTarget;
			buildConfigurationList = 2D130AC31BCDA46D0099E18F /* Build configuration list for PBXNativeTarget "Trivia" */;
			buildPhases = (
				2D130AB81BCDA46D0099E18F /* Sources */,
				2D130AB91BCDA46D0099E18F /* Frameworks */,
				2D130ABA1BCDA46D0099E18F /* CopyFiles */,
			);
			buildRules = (
			);
			dependencies = (
			);
			name = Trivia;
			productName = Trivia;
			productReference = 2D130ABC1BCDA46D0099E18F /* Trivia */;
			productType = "com.apple.product-type.tool";
		};
		2D130ACB1BCDB7A40099E18F /* TriviaTests */ = {
			isa = PBXNativeTarget;
			buildConfigurationList = 2D130AD11BCDB7A40099E18F /* Build configuration list for PBXNativeTarget "TriviaTests" */;
			buildPhases = (
				2D130AC81BCDB7A40099E18F /* Sources */,
				2D130AC91BCDB7A40099E18F /* Frameworks */,
				2D130ACA1BCDB7A40099E18F /* Resources */,
			);
			buildRules = (
			);
			dependencies = (
			);
			name = TriviaTests;
			productName = TriviaTests;
			productReference = 2D130ACC1BCDB7A40099E18F /* TriviaTests.xctest */;
			productType = "com.apple.product-type.bundle.unit-test";
		};
/* End PBXNativeTarget section */

/* Begin PBXProject section */
		2D130AB41BCDA46D0099E18F /* Project object */ = {
			isa = PBXProject;
			attributes = {
				LastSwiftUpdateCheck = 0710;
				LastUpgradeCheck = 0710;
				ORGANIZATIONNAME = "Legacy Coderetreat";
				TargetAttributes = {
					2D130ABB1BCDA46D0099E18F = {
						CreatedOnToolsVersion = 7.1;
					};
					2D130ACB1BCDB7A40099E18F = {
						CreatedOnToolsVersion = 7.1;
					};
				};
			};
			buildConfigurationList = 2D130AB71BCDA46D0099E18F /* Build configuration list for PBXProject "Trivia" */;
			compatibilityVersion = "Xcode 6.3";
			developmentRegion = English;
			hasScannedForEncodings = 0;
			knownRegions = (
				en,
			);
			mainGroup = 2D130AB31BCDA46D0099E18F;
			productRefGroup = 2D130ABD1BCDA46D0099E18F /* Products */;
			projectDirPath = "";
			projectRoot = "";
			targets = (
				2D130ABB1BCDA46D0099E18F /* Trivia */,
				2D130ACB1BCDB7A40099E18F /* TriviaTests */,
			);
		};
/* End PBXProject section */

/* Begin PBXResourcesBuildPhase section */
		2D130ACA1BCDB7A40099E18F /* Resources */ = {
			isa = PBXResourcesBuildPhase;
			buildActionMask = 2147483647;
			files = (
			);
			runOnlyForDeploymentPostprocessing = 0;
		};
/* End PBXResourcesBuildPhase section */

/* Begin PBXSourcesBuildPhase section */
		2D130AB81BCDA46D0099E18F /* Sources */ = {
			isa = PBXSourcesBuildPhase;
			buildActionMask = 2147483647;
			files = (
				2D130AC01BCDA46D0099E18F /* main.swift in Sources */,
				2D130AC71BCDA4810099E18F /* Game.swift in Sources */,
			);
			runOnlyForDeploymentPostprocessing = 0;
		};
		2D130AC81BCDB7A40099E18F /* Sources */ = {
			isa = PBXSourcesBuildPhase;
			buildActionMask = 2147483647;
			files = (
				2D130ACF1BCDB7A40099E18F /* TriviaTests.swift in Sources */,
				2D130AD41BCDB9E50099E18F /* Game.swift in Sources */,
			);
			runOnlyForDeploymentPostprocessing = 0;
		};
/* End PBXSourcesBuildPhase section */

/* Begin XCBuildConfiguration section */
		2D130AC11BCDA46D0099E18F /* Debug */ = {
			isa = XCBuildConfiguration;
			buildSettings = {
				ALWAYS_SEARCH_USER_PATHS = NO;
				CLANG_CXX_LANGUAGE_STANDARD = "gnu++0x";
				CLANG_CXX_LIBRARY = "libc++";
				CLANG_ENABLE_MODULES = YES;
				CLANG_ENABLE_OBJC_ARC = YES;
				CLANG_WARN_BOOL_CONVERSION = YES;
				CLANG_WARN_CONSTANT_CONVERSION = YES;
				CLANG_WARN_DIRECT_OBJC_ISA_USAGE = YES_ERROR;
				CLANG_WARN_EMPTY_BODY = YES;
				CLANG_WARN_ENUM_CONVERSION = YES;
				CLANG_WARN_INT_CONVERSION = YES;
				CLANG_WARN_OBJC_ROOT_CLASS = YES_ERROR;
				CLANG_WARN_UNREACHABLE_CODE = YES;
				CLANG_WARN__DUPLICATE_METHOD_MATCH = YES;
				CODE_SIGN_IDENTITY = "-";
				COPY_PHASE_STRIP = NO;
				DEBUG_INFORMATION_FORMAT = dwarf;
				ENABLE_STRICT_OBJC_MSGSEND = YES;
				ENABLE_TESTABILITY = YES;
				GCC_C_LANGUAGE_STANDARD = gnu99;
				GCC_DYNAMIC_NO_PIC = NO;
				GCC_NO_COMMON_BLOCKS = YES;
				GCC_OPTIMIZATION_LEVEL = 0;
				GCC_PREPROCESSOR_DEFINITIONS = (
					"DEBUG=1",
					"$(inherited)",
				);
				GCC_WARN_64_TO_32_BIT_CONVERSION = YES;
				GCC_WARN_ABOUT_RETURN_TYPE = YES_ERROR;
				GCC_WARN_UNDECLARED_SELECTOR = YES;
				GCC_WARN_UNINITIALIZED_AUTOS = YES_AGGRESSIVE;
				GCC_WARN_UNUSED_FUNCTION = YES;
				GCC_WARN_UNUSED_VARIABLE = YES;
				MACOSX_DEPLOYMENT_TARGET = 10.9;
				MTL_ENABLE_DEBUG_INFO = YES;
				ONLY_ACTIVE_ARCH = YES;
				SDKROOT = macosx;
				SWIFT_OPTIMIZATION_LEVEL = "-Onone";
			};
			name = Debug;
		};
		2D130AC21BCDA46D0099E18F /* Release */ = {
			isa = XCBuildConfiguration;
			buildSettings = {
				ALWAYS_SEARCH_USER_PATHS = NO;
				CLANG_CXX_LANGUAGE_STANDARD = "gnu++0x";
				CLANG_CXX_LIBRARY = "libc++";
				CLANG_ENABLE_MODULES = YES;
				CLANG_ENABLE_OBJC_ARC = YES;
				CLANG_WARN_BOOL_CONVERSION = YES;
				CLANG_WARN_CONSTANT_CONVERSION = YES;
				CLANG_WARN_DIRECT_OBJC_ISA_USAGE = YES_ERROR;
				CLANG_WARN_EMPTY_BODY = YES;
				CLANG_WARN_ENUM_CONVERSION = YES;
				CLANG_WARN_INT_CONVERSION = YES;
				CLANG_WARN_OBJC_ROOT_CLASS = YES_ERROR;
				CLANG_WARN_UNREACHABLE_CODE = YES;
				CLANG_WARN__DUPLICATE_METHOD_MATCH = YES;
				CODE_SIGN_IDENTITY = "-";
				COPY_PHASE_STRIP = NO;
				DEBUG_INFORMATION_FORMAT = "dwarf-with-dsym";
				ENABLE_NS_ASSERTIONS = NO;
				ENABLE_STRICT_OBJC_MSGSEND = YES;
				GCC_C_LANGUAGE_STANDARD = gnu99;
				GCC_NO_COMMON_BLOCKS = YES;
				GCC_WARN_64_TO_32_BIT_CONVERSION = YES;
				GCC_WARN_ABOUT_RETURN_TYPE = YES_ERROR;
				GCC_WARN_UNDECLARED_SELECTOR = YES;
				GCC_WARN_UNINITIALIZED_AUTOS = YES_AGGRESSIVE;
				GCC_WARN_UNUSED_FUNCTION = YES;
				GCC_WARN_UNUSED_VARIABLE = YES;
				MACOSX_DEPLOYMENT_TARGET = 10.9;
				MTL_ENABLE_DEBUG_INFO = NO;
				SDKROOT = macosx;
			};
			name = Release;
		};
		2D130AC41BCDA46D0099E18F /* Debug */ = {
			isa = XCBuildConfiguration;
			buildSettings = {
				PRODUCT_NAME = "$(TARGET_NAME)";
			};
			name = Debug;
		};
		2D130AC51BCDA46D0099E18F /* Release */ = {
			isa = XCBuildConfiguration;
			buildSettings = {
				PRODUCT_NAME = "$(TARGET_NAME)";
			};
			name = Release;
		};
		2D130AD21BCDB7A40099E18F /* Debug */ = {
			isa = XCBuildConfiguration;
			buildSettings = {
				COMBINE_HIDPI_IMAGES = YES;
				INFOPLIST_FILE = TriviaTests/Info.plist;
				LD_RUNPATH_SEARCH_PATHS = "$(inherited) @executable_path/../Frameworks @loader_path/../Frameworks";
				PRODUCT_BUNDLE_IDENTIFIER = com.adaptionsoft.TriviaTests;
				PRODUCT_NAME = "$(TARGET_NAME)";
			};
			name = Debug;
		};
		2D130AD31BCDB7A40099E18F /* Release */ = {
			isa = XCBuildConfiguration;
			buildSettings = {
				COMBINE_HIDPI_IMAGES = YES;
				INFOPLIST_FILE = TriviaTests/Info.plist;
				LD_RUNPATH_SEARCH_PATHS = "$(inherited) @executable_path/../Frameworks @loader_path/../Frameworks";
				PRODUCT_BUNDLE_IDENTIFIER = com.adaptionsoft.TriviaTests;
				PRODUCT_NAME = "$(TARGET_NAME)";
			};
			name = Release;
		};
/* End XCBuildConfiguration section */

/* Begin XCConfigurationList section */
		2D130AB71BCDA46D0099E18F /* Build configuration list for PBXProject "Trivia" */ = {
			isa = XCConfigurationList;
			buildConfigurations = (
				2D130AC11BCDA46D0099E18F /* Debug */,
				2D130AC21BCDA46D0099E18F /* Release */,
			);
			defaultConfigurationIsVisible = 0;
			defaultConfigurationName = Release;
		};
		2D130AC31BCDA46D0099E18F /* Build configuration list for PBXNativeTarget "Trivia" */ = {
			isa = XCConfigurationList;
			buildConfigurations = (
				2D130AC41BCDA46D0099E18F /* Debug */,
				2D130AC51BCDA46D0099E18F /* Release */,
			);
			defaultConfigurationIsVisible = 0;
			defaultConfigurationName = Release;
		};
		2D130AD11BCDB7A40099E18F /* Build configuration list for PBXNativeTarget "TriviaTests" */ = {
			isa = XCConfigurationList;
			buildConfigurations = (
				2D130AD21BCDB7A40099E18F /* Debug */,
				2D130AD31BCDB7A40099E18F /* Release */,
			);
			defaultConfigurationIsVisible = 0;
			defaultConfigurationName = Release;
		};
/* End XCConfigurationList section */
	};
	rootObject = 2D130AB41BCDA46D0099E18F /* Project object */;
}
